
Microsoft Visual Studio Solution File, Format Version 12.00
Project("{FAE04EC0-301F-11D3-BF4B-00C04F79EFBC}") = "DinerLibrary", "..\..\Try_1\EpamTask3Shemetkov\EpamDinerTask\DinerLibrary\DinerLibrary.csproj", "{2A4BD514-10B7-4530-9E09-A085ADB9D52B}"
EndProject
Project("{FAE04EC0-301F-11D3-BF4B-00C04F79EFBC}") = "DinerTests", "..\..\Try_1\EpamTask3Shemetkov\EpamDinerTask\DinerTests\DinerTests.csproj", "{7CE5A082-C85F-422E-99BF-E49E6D1AF3F4}"
EndProject
Project("{FAE04EC0-301F-11D3-BF4B-00C04F79EFBC}") = "DinerLib", "DinerLib\DinerLib.csproj", "{E6CDE69C-9DF3-41A7-B909-9B6F2CF9099E}"
EndProject
Project("{FAE04EC0-301F-11D3-BF4B-00C04F79EFBC}") = "DishesLib", "DishesLib\DishesLib.csproj", "{D85ED12C-35AB-4BE5-866A-BC5933FD2B9F}"
EndProject
Global
	GlobalSection(SolutionConfigurationPlatforms) = preSolution
		Debug|Any CPU = Debug|Any CPU
		Release|Any CPU = Release|Any CPU
	EndGlobalSection
	GlobalSection(ProjectConfigurationPlatforms) = postSolution
		{2A4BD514-10B7-4530-9E09-A085ADB9D52B}.Debug|Any CPU.ActiveCfg = Debug|Any CPU
		{2A4BD514-10B7-4530-9E09-A085ADB9D52B}.Debug|Any CPU.Build.0 = Debug|Any CPU
		{2A4BD514-10B7-4530-9E09-A085ADB9D52B}.Release|Any CPU.ActiveCfg = Release|Any CPU
		{2A4BD514-10B7-4530-9E09-A085ADB9D52B}.Release|Any CPU.Build.0 = Release|Any CPU
		{7CE5A082-C85F-422E-99BF-E49E6D1AF3F4}.Debug|Any CPU.ActiveCfg = Debug|Any CPU
		{7CE5A082-C85F-422E-99BF-E49E6D1AF3F4}.Debug|Any CPU.Build.0 = Debug|Any CPU
		{7CE5A082-C85F-422E-99BF-E49E6D1AF3F4}.Release|Any CPU.ActiveCfg = Release|Any CPU
		{7CE5A082-C85F-422E-99BF-E49E6D1AF3F4}.Release|Any CPU.Build.0 = Release|Any CPU
		{E6CDE69C-9DF3-41A7-B909-9B6F2CF9099E}.Debug|Any CPU.ActiveCfg = Debug|Any CPU
		{E6CDE69C-9DF3-41A7-B909-9B6F2CF9099E}.Debug|Any CPU.Build.0 = Debug|Any CPU
		{E6CDE69C-9DF3-41A7-B909-9B6F2CF9099E}.Release|Any CPU.ActiveCfg = Release|Any CPU
		{E6CDE69C-9DF3-41A7-B909-9B6F2CF9099E}.Release|Any CPU.Build.0 = Release|Any CPU
		{D85ED12C-35AB-4BE5-866A-BC5933FD2B9F}.Debug|Any CPU.ActiveCfg = Debug|Any CPU
		{D85ED12C-35AB-4BE5-866A-BC5933FD2B9F}.Debug|Any CPU.Build.0 = Debug|Any CPU
		{D85ED12C-35AB-4BE5-866A-BC5933FD2B9F}.Release|Any CPU.ActiveCfg = Release|Any CPU
		{D85ED12C-35AB-4BE5-866A-BC5933FD2B9F}.Release|Any CPU.Build.0 = Release|Any CPU
	EndGlobalSection
EndGlobal
